// !$*UTF8*$!
{
	archiveVersion = 1;
	classes = {
	};
	objectVersion = 46;
	objects = {

/* Begin PBXAggregateTarget section */
		510A056D1E2940DB005C3C0F /* All */ = {
			isa = PBXAggregateTarget;
			buildConfigurationList = 510A05701E2940DB005C3C0F /* Build configuration list for PBXAggregateTarget "All" */;
			buildPhases = (
			);
			dependencies = (
				510A05721E2940FF005C3C0F /* PBXTargetDependency */,
				510A05741E2940FF005C3C0F /* PBXTargetDependency */,
				510A05761E2940FF005C3C0F /* PBXTargetDependency */,
			);
			name = All;
			productName = All;
		};
/* End PBXAggregateTarget section */

/* Begin PBXBuildFile section */
		5143B0AF1E282829005717AD /* SoftU2FDriver.hpp in Headers */ = {isa = PBXBuildFile; fileRef = 5143B0AE1E282829005717AD /* SoftU2FDriver.hpp */; };
		5143B0B11E282829005717AD /* SoftU2FDriver.cpp in Sources */ = {isa = PBXBuildFile; fileRef = 5143B0B01E282829005717AD /* SoftU2FDriver.cpp */; };
		5143B0BA1E282941005717AD /* SoftU2FUserClient.cpp in Sources */ = {isa = PBXBuildFile; fileRef = 5143B0B81E282941005717AD /* SoftU2FUserClient.cpp */; };
		5143B0BB1E282941005717AD /* SoftU2FUserClient.hpp in Headers */ = {isa = PBXBuildFile; fileRef = 5143B0B91E282941005717AD /* SoftU2FUserClient.hpp */; };
		514CF0BF1E2832C6004203C6 /* SoftU2FDevice.cpp in Sources */ = {isa = PBXBuildFile; fileRef = 514CF0BD1E2832C6004203C6 /* SoftU2FDevice.cpp */; };
		514CF0C01E2832C6004203C6 /* SoftU2FDevice.hpp in Headers */ = {isa = PBXBuildFile; fileRef = 514CF0BE1E2832C6004203C6 /* SoftU2FDevice.hpp */; };
		514CF0EE1E285CBC004203C6 /* main.c in Sources */ = {isa = PBXBuildFile; fileRef = 514CF0ED1E285CBC004203C6 /* main.c */; };
		514CF1031E286052004203C6 /* SoftU2FClientInterface.c in Sources */ = {isa = PBXBuildFile; fileRef = 514CF0E11E285849004203C6 /* SoftU2FClientInterface.c */; };
		514CF1041E286055004203C6 /* SoftU2FClientInterface.h in Headers */ = {isa = PBXBuildFile; fileRef = 514CF0E21E285849004203C6 /* SoftU2FClientInterface.h */; };
		514CF1051E286068004203C6 /* libLibSoftU2F.a in Frameworks */ = {isa = PBXBuildFile; fileRef = 514CF0FF1E28604F004203C6 /* libLibSoftU2F.a */; };
		514CF1061E286122004203C6 /* UserKernelShared.h in Headers */ = {isa = PBXBuildFile; fileRef = 5143B0BC1E2829F2005717AD /* UserKernelShared.h */; };
		514CF1071E286123004203C6 /* UserKernelShared.h in Headers */ = {isa = PBXBuildFile; fileRef = 5143B0BC1E2829F2005717AD /* UserKernelShared.h */; };
/* End PBXBuildFile section */

/* Begin PBXContainerItemProxy section */
		510A05711E2940FF005C3C0F /* PBXContainerItemProxy */ = {
			isa = PBXContainerItemProxy;
			containerPortal = 5143B0A21E282828005717AD /* Project object */;
			proxyType = 1;
			remoteGlobalIDString = 5143B0AA1E282828005717AD;
			remoteInfo = SoftU2F;
		};
		510A05731E2940FF005C3C0F /* PBXContainerItemProxy */ = {
			isa = PBXContainerItemProxy;
			containerPortal = 5143B0A21E282828005717AD /* Project object */;
			proxyType = 1;
			remoteGlobalIDString = 514CF0EA1E285CBC004203C6;
			remoteInfo = SoftU2FExample;
		};
		510A05751E2940FF005C3C0F /* PBXContainerItemProxy */ = {
			isa = PBXContainerItemProxy;
			containerPortal = 5143B0A21E282828005717AD /* Project object */;
			proxyType = 1;
			remoteGlobalIDString = 514CF0FE1E28604F004203C6;
			remoteInfo = LibSoftU2F;
		};
/* End PBXContainerItemProxy section */

/* Begin PBXCopyFilesBuildPhase section */
		514CF0E91E285CBC004203C6 /* CopyFiles */ = {
			isa = PBXCopyFilesBuildPhase;
			buildActionMask = 2147483647;
			dstPath = /usr/share/man/man1/;
			dstSubfolderSpec = 0;
			files = (
			);
			runOnlyForDeploymentPostprocessing = 1;
		};
/* End PBXCopyFilesBuildPhase section */

/* Begin PBXFileReference section */
		5143B0AB1E282828005717AD /* SoftU2F.kext */ = {isa = PBXFileReference; explicitFileType = wrapper.cfbundle; includeInIndex = 0; path = SoftU2F.kext; sourceTree = BUILT_PRODUCTS_DIR; };
		5143B0AE1E282829005717AD /* SoftU2FDriver.hpp */ = {isa = PBXFileReference; lastKnownFileType = sourcecode.cpp.h; path = SoftU2FDriver.hpp; sourceTree = "<group>"; };
		5143B0B01E282829005717AD /* SoftU2FDriver.cpp */ = {isa = PBXFileReference; lastKnownFileType = sourcecode.cpp.cpp; path = SoftU2FDriver.cpp; sourceTree = "<group>"; };
		5143B0B21E282829005717AD /* Info.plist */ = {isa = PBXFileReference; lastKnownFileType = text.plist.xml; path = Info.plist; sourceTree = "<group>"; };
		5143B0B81E282941005717AD /* SoftU2FUserClient.cpp */ = {isa = PBXFileReference; fileEncoding = 4; lastKnownFileType = sourcecode.cpp.cpp; path = SoftU2FUserClient.cpp; sourceTree = "<group>"; };
		5143B0B91E282941005717AD /* SoftU2FUserClient.hpp */ = {isa = PBXFileReference; fileEncoding = 4; lastKnownFileType = sourcecode.cpp.h; path = SoftU2FUserClient.hpp; sourceTree = "<group>"; };
		5143B0BC1E2829F2005717AD /* UserKernelShared.h */ = {isa = PBXFileReference; lastKnownFileType = sourcecode.c.h; path = UserKernelShared.h; sourceTree = "<group>"; };
		514CF0BD1E2832C6004203C6 /* SoftU2FDevice.cpp */ = {isa = PBXFileReference; fileEncoding = 4; lastKnownFileType = sourcecode.cpp.cpp; path = SoftU2FDevice.cpp; sourceTree = "<group>"; };
		514CF0BE1E2832C6004203C6 /* SoftU2FDevice.hpp */ = {isa = PBXFileReference; fileEncoding = 4; lastKnownFileType = sourcecode.cpp.h; path = SoftU2FDevice.hpp; sourceTree = "<group>"; };
		514CF0E11E285849004203C6 /* SoftU2FClientInterface.c */ = {isa = PBXFileReference; fileEncoding = 4; lastKnownFileType = sourcecode.c.c; name = SoftU2FClientInterface.c; path = SoftU2F/SoftU2FClientInterface.c; sourceTree = "<group>"; };
		514CF0E21E285849004203C6 /* SoftU2FClientInterface.h */ = {isa = PBXFileReference; fileEncoding = 4; lastKnownFileType = sourcecode.c.h; name = SoftU2FClientInterface.h; path = SoftU2F/SoftU2FClientInterface.h; sourceTree = "<group>"; };
		514CF0EB1E285CBC004203C6 /* SoftU2FExample */ = {isa = PBXFileReference; explicitFileType = "compiled.mach-o.executable"; includeInIndex = 0; path = SoftU2FExample; sourceTree = BUILT_PRODUCTS_DIR; };
		514CF0ED1E285CBC004203C6 /* main.c */ = {isa = PBXFileReference; lastKnownFileType = sourcecode.c.c; path = main.c; sourceTree = "<group>"; };
		514CF0FF1E28604F004203C6 /* libLibSoftU2F.a */ = {isa = PBXFileReference; explicitFileType = archive.ar; includeInIndex = 0; path = libLibSoftU2F.a; sourceTree = BUILT_PRODUCTS_DIR; };
/* End PBXFileReference section */

/* Begin PBXFrameworksBuildPhase section */
		5143B0A71E282828005717AD /* Frameworks */ = {
			isa = PBXFrameworksBuildPhase;
			buildActionMask = 2147483647;
			files = (
			);
			runOnlyForDeploymentPostprocessing = 0;
		};
		514CF0E81E285CBC004203C6 /* Frameworks */ = {
			isa = PBXFrameworksBuildPhase;
			buildActionMask = 2147483647;
			files = (
				514CF1051E286068004203C6 /* libLibSoftU2F.a in Frameworks */,
			);
			runOnlyForDeploymentPostprocessing = 0;
		};
		514CF0FC1E28604F004203C6 /* Frameworks */ = {
			isa = PBXFrameworksBuildPhase;
			buildActionMask = 2147483647;
			files = (
			);
			runOnlyForDeploymentPostprocessing = 0;
		};
/* End PBXFrameworksBuildPhase section */

/* Begin PBXGroup section */
		5143B0A11E282828005717AD = {
			isa = PBXGroup;
			children = (
				514CF0E01E2857DD004203C6 /* LibSoftU2F */,
				5143B0AD1E282828005717AD /* SoftU2F */,
				514CF0EC1E285CBC004203C6 /* SoftU2FExample */,
				5143B0AC1E282828005717AD /* Products */,
			);
			sourceTree = "<group>";
		};
		5143B0AC1E282828005717AD /* Products */ = {
			isa = PBXGroup;
			children = (
				5143B0AB1E282828005717AD /* SoftU2F.kext */,
				514CF0EB1E285CBC004203C6 /* SoftU2FExample */,
				514CF0FF1E28604F004203C6 /* libLibSoftU2F.a */,
			);
			name = Products;
			sourceTree = "<group>";
		};
		5143B0AD1E282828005717AD /* SoftU2F */ = {
			isa = PBXGroup;
			children = (
				5143B0AE1E282829005717AD /* SoftU2FDriver.hpp */,
				5143B0B01E282829005717AD /* SoftU2FDriver.cpp */,
				514CF0BD1E2832C6004203C6 /* SoftU2FDevice.cpp */,
				514CF0BE1E2832C6004203C6 /* SoftU2FDevice.hpp */,
				5143B0B81E282941005717AD /* SoftU2FUserClient.cpp */,
				5143B0B91E282941005717AD /* SoftU2FUserClient.hpp */,
				5143B0BC1E2829F2005717AD /* UserKernelShared.h */,
				5143B0B21E282829005717AD /* Info.plist */,
			);
			path = SoftU2F;
			sourceTree = "<group>";
		};
		514CF0E01E2857DD004203C6 /* LibSoftU2F */ = {
			isa = PBXGroup;
			children = (
				514CF0E11E285849004203C6 /* SoftU2FClientInterface.c */,
				514CF0E21E285849004203C6 /* SoftU2FClientInterface.h */,
			);
			name = LibSoftU2F;
			sourceTree = "<group>";
		};
		514CF0EC1E285CBC004203C6 /* SoftU2FExample */ = {
			isa = PBXGroup;
			children = (
				514CF0ED1E285CBC004203C6 /* main.c */,
			);
			path = SoftU2FExample;
			sourceTree = "<group>";
		};
/* End PBXGroup section */

/* Begin PBXHeadersBuildPhase section */
		5143B0A81E282828005717AD /* Headers */ = {
			isa = PBXHeadersBuildPhase;
			buildActionMask = 2147483647;
			files = (
				5143B0BB1E282941005717AD /* SoftU2FUserClient.hpp in Headers */,
				514CF0C01E2832C6004203C6 /* SoftU2FDevice.hpp in Headers */,
				5143B0AF1E282829005717AD /* SoftU2FDriver.hpp in Headers */,
				514CF1061E286122004203C6 /* UserKernelShared.h in Headers */,
			);
			runOnlyForDeploymentPostprocessing = 0;
		};
		514CF0FD1E28604F004203C6 /* Headers */ = {
			isa = PBXHeadersBuildPhase;
			buildActionMask = 2147483647;
			files = (
				514CF1041E286055004203C6 /* SoftU2FClientInterface.h in Headers */,
				514CF1071E286123004203C6 /* UserKernelShared.h in Headers */,
			);
			runOnlyForDeploymentPostprocessing = 0;
		};
/* End PBXHeadersBuildPhase section */

/* Begin PBXNativeTarget section */
		5143B0AA1E282828005717AD /* SoftU2F */ = {
			isa = PBXNativeTarget;
			buildConfigurationList = 5143B0B51E282829005717AD /* Build configuration list for PBXNativeTarget "SoftU2F" */;
			buildPhases = (
				5143B0A61E282828005717AD /* Sources */,
				5143B0A71E282828005717AD /* Frameworks */,
				5143B0A81E282828005717AD /* Headers */,
				5143B0A91E282828005717AD /* Resources */,
			);
			buildRules = (
			);
			dependencies = (
			);
			name = SoftU2F;
			productName = SoftU2F;
			productReference = 5143B0AB1E282828005717AD /* SoftU2F.kext */;
			productType = "com.apple.product-type.kernel-extension";
		};
		514CF0EA1E285CBC004203C6 /* SoftU2FExample */ = {
			isa = PBXNativeTarget;
			buildConfigurationList = 514CF0EF1E285CBC004203C6 /* Build configuration list for PBXNativeTarget "SoftU2FExample" */;
			buildPhases = (
				514CF0E71E285CBC004203C6 /* Sources */,
				514CF0E81E285CBC004203C6 /* Frameworks */,
				514CF0E91E285CBC004203C6 /* CopyFiles */,
			);
			buildRules = (
			);
			dependencies = (
			);
			name = SoftU2FExample;
			productName = SoftU2FExample;
			productReference = 514CF0EB1E285CBC004203C6 /* SoftU2FExample */;
			productType = "com.apple.product-type.tool";
		};
		514CF0FE1E28604F004203C6 /* LibSoftU2F */ = {
			isa = PBXNativeTarget;
			buildConfigurationList = 514CF1001E28604F004203C6 /* Build configuration list for PBXNativeTarget "LibSoftU2F" */;
			buildPhases = (
				514CF0FB1E28604F004203C6 /* Sources */,
				514CF0FC1E28604F004203C6 /* Frameworks */,
				514CF0FD1E28604F004203C6 /* Headers */,
			);
			buildRules = (
			);
			dependencies = (
			);
			name = LibSoftU2F;
			productName = LibSoftU2F;
			productReference = 514CF0FF1E28604F004203C6 /* libLibSoftU2F.a */;
			productType = "com.apple.product-type.library.static";
		};
/* End PBXNativeTarget section */

/* Begin PBXProject section */
		5143B0A21E282828005717AD /* Project object */ = {
			isa = PBXProject;
			attributes = {
				LastUpgradeCheck = 0820;
				ORGANIZATIONNAME = GitHub;
				TargetAttributes = {
					510A056D1E2940DB005C3C0F = {
						CreatedOnToolsVersion = 8.2.1;
						ProvisioningStyle = Automatic;
					};
					5143B0AA1E282828005717AD = {
						CreatedOnToolsVersion = 8.2.1;
						ProvisioningStyle = Automatic;
					};
					514CF0EA1E285CBC004203C6 = {
						CreatedOnToolsVersion = 8.2.1;
						ProvisioningStyle = Automatic;
					};
					514CF0FE1E28604F004203C6 = {
						CreatedOnToolsVersion = 8.2.1;
						ProvisioningStyle = Automatic;
					};
				};
			};
			buildConfigurationList = 5143B0A51E282828005717AD /* Build configuration list for PBXProject "SoftU2F" */;
			compatibilityVersion = "Xcode 3.2";
			developmentRegion = English;
			hasScannedForEncodings = 0;
			knownRegions = (
				en,
			);
			mainGroup = 5143B0A11E282828005717AD;
			productRefGroup = 5143B0AC1E282828005717AD /* Products */;
			projectDirPath = "";
			projectRoot = "";
			targets = (
				5143B0AA1E282828005717AD /* SoftU2F */,
				514CF0EA1E285CBC004203C6 /* SoftU2FExample */,
				514CF0FE1E28604F004203C6 /* LibSoftU2F */,
				510A056D1E2940DB005C3C0F /* All */,
			);
		};
/* End PBXProject section */

/* Begin PBXResourcesBuildPhase section */
		5143B0A91E282828005717AD /* Resources */ = {
			isa = PBXResourcesBuildPhase;
			buildActionMask = 2147483647;
			files = (
			);
			runOnlyForDeploymentPostprocessing = 0;
		};
/* End PBXResourcesBuildPhase section */

/* Begin PBXSourcesBuildPhase section */
		5143B0A61E282828005717AD /* Sources */ = {
			isa = PBXSourcesBuildPhase;
			buildActionMask = 2147483647;
			files = (
				5143B0B11E282829005717AD /* SoftU2FDriver.cpp in Sources */,
				514CF0BF1E2832C6004203C6 /* SoftU2FDevice.cpp in Sources */,
				5143B0BA1E282941005717AD /* SoftU2FUserClient.cpp in Sources */,
			);
			runOnlyForDeploymentPostprocessing = 0;
		};
		514CF0E71E285CBC004203C6 /* Sources */ = {
			isa = PBXSourcesBuildPhase;
			buildActionMask = 2147483647;
			files = (
				514CF0EE1E285CBC004203C6 /* main.c in Sources */,
			);
			runOnlyForDeploymentPostprocessing = 0;
		};
		514CF0FB1E28604F004203C6 /* Sources */ = {
			isa = PBXSourcesBuildPhase;
			buildActionMask = 2147483647;
			files = (
				514CF1031E286052004203C6 /* SoftU2FClientInterface.c in Sources */,
			);
			runOnlyForDeploymentPostprocessing = 0;
		};
/* End PBXSourcesBuildPhase section */

/* Begin PBXTargetDependency section */
		510A05721E2940FF005C3C0F /* PBXTargetDependency */ = {
			isa = PBXTargetDependency;
			target = 5143B0AA1E282828005717AD /* SoftU2F */;
			targetProxy = 510A05711E2940FF005C3C0F /* PBXContainerItemProxy */;
		};
		510A05741E2940FF005C3C0F /* PBXTargetDependency */ = {
			isa = PBXTargetDependency;
			target = 514CF0EA1E285CBC004203C6 /* SoftU2FExample */;
			targetProxy = 510A05731E2940FF005C3C0F /* PBXContainerItemProxy */;
		};
		510A05761E2940FF005C3C0F /* PBXTargetDependency */ = {
			isa = PBXTargetDependency;
			target = 514CF0FE1E28604F004203C6 /* LibSoftU2F */;
			targetProxy = 510A05751E2940FF005C3C0F /* PBXContainerItemProxy */;
		};
/* End PBXTargetDependency section */

/* Begin XCBuildConfiguration section */
		510A056E1E2940DB005C3C0F /* Debug */ = {
			isa = XCBuildConfiguration;
			buildSettings = {
				PRODUCT_NAME = "$(TARGET_NAME)";
			};
			name = Debug;
		};
		510A056F1E2940DB005C3C0F /* Release */ = {
			isa = XCBuildConfiguration;
			buildSettings = {
				PRODUCT_NAME = "$(TARGET_NAME)";
			};
			name = Release;
		};
		5143B0B31E282829005717AD /* Debug */ = {
			isa = XCBuildConfiguration;
			buildSettings = {
				ALWAYS_SEARCH_USER_PATHS = NO;
				CLANG_ANALYZER_NONNULL = YES;
				CLANG_CXX_LANGUAGE_STANDARD = "gnu++0x";
				CLANG_CXX_LIBRARY = "libc++";
				CLANG_ENABLE_MODULES = YES;
				CLANG_ENABLE_OBJC_ARC = YES;
				CLANG_WARN_BOOL_CONVERSION = YES;
				CLANG_WARN_CONSTANT_CONVERSION = YES;
				CLANG_WARN_DIRECT_OBJC_ISA_USAGE = YES_ERROR;
				CLANG_WARN_DOCUMENTATION_COMMENTS = YES;
				CLANG_WARN_EMPTY_BODY = YES;
				CLANG_WARN_ENUM_CONVERSION = YES;
				CLANG_WARN_INFINITE_RECURSION = YES;
				CLANG_WARN_INT_CONVERSION = YES;
				CLANG_WARN_OBJC_ROOT_CLASS = YES_ERROR;
				CLANG_WARN_SUSPICIOUS_MOVE = YES;
				CLANG_WARN_UNREACHABLE_CODE = YES;
				CLANG_WARN__DUPLICATE_METHOD_MATCH = YES;
				CODE_SIGN_IDENTITY = "-";
				COPY_PHASE_STRIP = NO;
				DEBUG_INFORMATION_FORMAT = dwarf;
				ENABLE_STRICT_OBJC_MSGSEND = YES;
				ENABLE_TESTABILITY = YES;
				GCC_C_LANGUAGE_STANDARD = gnu99;
				GCC_DYNAMIC_NO_PIC = NO;
				GCC_NO_COMMON_BLOCKS = YES;
				GCC_OPTIMIZATION_LEVEL = 0;
				GCC_PREPROCESSOR_DEFINITIONS = (
					"DEBUG=1",
					"$(inherited)",
				);
				GCC_WARN_64_TO_32_BIT_CONVERSION = YES;
				GCC_WARN_ABOUT_RETURN_TYPE = YES_ERROR;
				GCC_WARN_UNDECLARED_SELECTOR = YES;
				GCC_WARN_UNINITIALIZED_AUTOS = YES_AGGRESSIVE;
				GCC_WARN_UNUSED_FUNCTION = YES;
				GCC_WARN_UNUSED_VARIABLE = YES;
				MACOSX_DEPLOYMENT_TARGET = 10.12;
				MTL_ENABLE_DEBUG_INFO = YES;
				ONLY_ACTIVE_ARCH = YES;
				SDKROOT = macosx;
			};
			name = Debug;
		};
		5143B0B41E282829005717AD /* Release */ = {
			isa = XCBuildConfiguration;
			buildSettings = {
				ALWAYS_SEARCH_USER_PATHS = NO;
				CLANG_ANALYZER_NONNULL = YES;
				CLANG_CXX_LANGUAGE_STANDARD = "gnu++0x";
				CLANG_CXX_LIBRARY = "libc++";
				CLANG_ENABLE_MODULES = YES;
				CLANG_ENABLE_OBJC_ARC = YES;
				CLANG_WARN_BOOL_CONVERSION = YES;
				CLANG_WARN_CONSTANT_CONVERSION = YES;
				CLANG_WARN_DIRECT_OBJC_ISA_USAGE = YES_ERROR;
				CLANG_WARN_DOCUMENTATION_COMMENTS = YES;
				CLANG_WARN_EMPTY_BODY = YES;
				CLANG_WARN_ENUM_CONVERSION = YES;
				CLANG_WARN_INFINITE_RECURSION = YES;
				CLANG_WARN_INT_CONVERSION = YES;
				CLANG_WARN_OBJC_ROOT_CLASS = YES_ERROR;
				CLANG_WARN_SUSPICIOUS_MOVE = YES;
				CLANG_WARN_UNREACHABLE_CODE = YES;
				CLANG_WARN__DUPLICATE_METHOD_MATCH = YES;
				CODE_SIGN_IDENTITY = "-";
				COPY_PHASE_STRIP = NO;
				DEBUG_INFORMATION_FORMAT = "dwarf-with-dsym";
				ENABLE_NS_ASSERTIONS = NO;
				ENABLE_STRICT_OBJC_MSGSEND = YES;
				GCC_C_LANGUAGE_STANDARD = gnu99;
				GCC_NO_COMMON_BLOCKS = YES;
				GCC_WARN_64_TO_32_BIT_CONVERSION = YES;
				GCC_WARN_ABOUT_RETURN_TYPE = YES_ERROR;
				GCC_WARN_UNDECLARED_SELECTOR = YES;
				GCC_WARN_UNINITIALIZED_AUTOS = YES_AGGRESSIVE;
				GCC_WARN_UNUSED_FUNCTION = YES;
				GCC_WARN_UNUSED_VARIABLE = YES;
				MACOSX_DEPLOYMENT_TARGET = 10.12;
				MTL_ENABLE_DEBUG_INFO = NO;
				SDKROOT = macosx;
			};
			name = Release;
		};
		5143B0B61E282829005717AD /* Debug */ = {
			isa = XCBuildConfiguration;
			buildSettings = {
				COMBINE_HIDPI_IMAGES = YES;
				CURRENT_PROJECT_VERSION = 1.0.0d1;
				INFOPLIST_FILE = SoftU2F/Info.plist;
				MODULE_NAME = com.github.SoftU2F;
				MODULE_VERSION = 1.0.0d1;
				PRODUCT_BUNDLE_IDENTIFIER = com.github.SoftU2F;
				PRODUCT_NAME = "$(TARGET_NAME)";
				WRAPPER_EXTENSION = kext;
			};
			name = Debug;
		};
		5143B0B71E282829005717AD /* Release */ = {
			isa = XCBuildConfiguration;
			buildSettings = {
				COMBINE_HIDPI_IMAGES = YES;
				CURRENT_PROJECT_VERSION = 1.0.0d1;
				INFOPLIST_FILE = SoftU2F/Info.plist;
				MODULE_NAME = com.github.SoftU2F;
				MODULE_VERSION = 1.0.0d1;
				PRODUCT_BUNDLE_IDENTIFIER = com.github.SoftU2F;
				PRODUCT_NAME = "$(TARGET_NAME)";
				WRAPPER_EXTENSION = kext;
			};
			name = Release;
		};
		514CF0F01E285CBC004203C6 /* Debug */ = {
			isa = XCBuildConfiguration;
			buildSettings = {
				PRODUCT_NAME = "$(TARGET_NAME)";
			};
			name = Debug;
		};
		514CF0F11E285CBC004203C6 /* Release */ = {
			isa = XCBuildConfiguration;
			buildSettings = {
				PRODUCT_NAME = "$(TARGET_NAME)";
			};
			name = Release;
		};
		514CF1011E28604F004203C6 /* Debug */ = {
			isa = XCBuildConfiguration;
			buildSettings = {
				EXECUTABLE_PREFIX = lib;
				PRODUCT_NAME = "$(TARGET_NAME)";
			};
			name = Debug;
		};
		514CF1021E28604F004203C6 /* Release */ = {
			isa = XCBuildConfiguration;
			buildSettings = {
				EXECUTABLE_PREFIX = lib;
				PRODUCT_NAME = "$(TARGET_NAME)";
			};
			name = Release;
		};
/* End XCBuildConfiguration section */

/* Begin XCConfigurationList section */
		510A05701E2940DB005C3C0F /* Build configuration list for PBXAggregateTarget "All" */ = {
			isa = XCConfigurationList;
			buildConfigurations = (
				510A056E1E2940DB005C3C0F /* Debug */,
				510A056F1E2940DB005C3C0F /* Release */,
			);
			defaultConfigurationIsVisible = 0;
		};
		5143B0A51E282828005717AD /* Build configuration list for PBXProject "SoftU2F" */ = {
			isa = XCConfigurationList;
			buildConfigurations = (
				5143B0B31E282829005717AD /* Debug */,
				5143B0B41E282829005717AD /* Release */,
			);
			defaultConfigurationIsVisible = 0;
			defaultConfigurationName = Release;
		};
		5143B0B51E282829005717AD /* Build configuration list for PBXNativeTarget "SoftU2F" */ = {
			isa = XCConfigurationList;
			buildConfigurations = (
				5143B0B61E282829005717AD /* Debug */,
				5143B0B71E282829005717AD /* Release */,
			);
			defaultConfigurationIsVisible = 0;
			defaultConfigurationName = Release;
		};
		514CF0EF1E285CBC004203C6 /* Build configuration list for PBXNativeTarget "SoftU2FExample" */ = {
			isa = XCConfigurationList;
			buildConfigurations = (
				514CF0F01E285CBC004203C6 /* Debug */,
				514CF0F11E285CBC004203C6 /* Release */,
			);
			defaultConfigurationIsVisible = 0;
			defaultConfigurationName = Release;
		};
		514CF1001E28604F004203C6 /* Build configuration list for PBXNativeTarget "LibSoftU2F" */ = {
			isa = XCConfigurationList;
			buildConfigurations = (
				514CF1011E28604F004203C6 /* Debug */,
				514CF1021E28604F004203C6 /* Release */,
			);
			defaultConfigurationIsVisible = 0;
			defaultConfigurationName = Release;
		};
/* End XCConfigurationList section */
	};
	rootObject = 5143B0A21E282828005717AD /* Project object */;
}
