// !$*UTF8*$!
{
	archiveVersion = 1;
	classes = {
	};
	objectVersion = 46;
	objects = {

/* Begin PBXBuildFile section */
		5143B0AF1E282829005717AD /* SoftU2FDriver.hpp in Headers */ = {isa = PBXBuildFile; fileRef = 5143B0AE1E282829005717AD /* SoftU2FDriver.hpp */; };
		5143B0B11E282829005717AD /* SoftU2FDriver.cpp in Sources */ = {isa = PBXBuildFile; fileRef = 5143B0B01E282829005717AD /* SoftU2FDriver.cpp */; };
		5143B0BA1E282941005717AD /* SoftU2FUserClient.cpp in Sources */ = {isa = PBXBuildFile; fileRef = 5143B0B81E282941005717AD /* SoftU2FUserClient.cpp */; };
		5143B0BB1E282941005717AD /* SoftU2FUserClient.hpp in Headers */ = {isa = PBXBuildFile; fileRef = 5143B0B91E282941005717AD /* SoftU2FUserClient.hpp */; };
		514CF0BF1E2832C6004203C6 /* SoftU2FDevice.cpp in Sources */ = {isa = PBXBuildFile; fileRef = 514CF0BD1E2832C6004203C6 /* SoftU2FDevice.cpp */; };
		514CF0C01E2832C6004203C6 /* SoftU2FDevice.hpp in Headers */ = {isa = PBXBuildFile; fileRef = 514CF0BE1E2832C6004203C6 /* SoftU2FDevice.hpp */; };
		514CF1031E286052004203C6 /* softu2f.c in Sources */ = {isa = PBXBuildFile; fileRef = 514CF0E11E285849004203C6 /* softu2f.c */; };
		514CF1041E286055004203C6 /* softu2f.h in Headers */ = {isa = PBXBuildFile; fileRef = 514CF0E21E285849004203C6 /* softu2f.h */; };
		514CF1061E286122004203C6 /* UserKernelShared.h in Headers */ = {isa = PBXBuildFile; fileRef = 5143B0BC1E2829F2005717AD /* UserKernelShared.h */; settings = {ATTRIBUTES = (Public, ); }; };
		515BE6F21E3FCA7200829539 /* internal.h in Headers */ = {isa = PBXBuildFile; fileRef = 51DE79281E3FAE820066EC0F /* internal.h */; settings = {ATTRIBUTES = (Private, ); }; };
		F7D468B41E4CED18005F2494 /* LibSoftU2FTests.swift in Sources */ = {isa = PBXBuildFile; fileRef = F7D468B31E4CED18005F2494 /* LibSoftU2FTests.swift */; };
		F7D468B61E4CED18005F2494 /* libsoftu2f.a in Frameworks */ = {isa = PBXBuildFile; fileRef = 514CF0FF1E28604F004203C6 /* libsoftu2f.a */; };
		F7D468BF1E4CEE66005F2494 /* libu2f-host.0.dylib in Frameworks */ = {isa = PBXBuildFile; fileRef = F7D468BE1E4CEE66005F2494 /* libu2f-host.0.dylib */; };
/* End PBXBuildFile section */

/* Begin PBXContainerItemProxy section */
		F7D468B71E4CED18005F2494 /* PBXContainerItemProxy */ = {
			isa = PBXContainerItemProxy;
			containerPortal = 5143B0A21E282828005717AD /* Project object */;
			proxyType = 1;
			remoteGlobalIDString = 514CF0FE1E28604F004203C6;
			remoteInfo = softu2f;
		};
/* End PBXContainerItemProxy section */

/* Begin PBXFileReference section */
		512995771E32E9A400591797 /* XCTest.framework */ = {isa = PBXFileReference; lastKnownFileType = wrapper.framework; name = XCTest.framework; path = Platforms/MacOSX.platform/Developer/Library/Frameworks/XCTest.framework; sourceTree = DEVELOPER_DIR; };
		5143B0AB1E282828005717AD /* softu2f.kext */ = {isa = PBXFileReference; explicitFileType = wrapper.cfbundle; includeInIndex = 0; path = softu2f.kext; sourceTree = BUILT_PRODUCTS_DIR; };
		5143B0AE1E282829005717AD /* SoftU2FDriver.hpp */ = {isa = PBXFileReference; lastKnownFileType = sourcecode.cpp.h; path = SoftU2FDriver.hpp; sourceTree = "<group>"; };
		5143B0B01E282829005717AD /* SoftU2FDriver.cpp */ = {isa = PBXFileReference; lastKnownFileType = sourcecode.cpp.cpp; path = SoftU2FDriver.cpp; sourceTree = "<group>"; };
		5143B0B21E282829005717AD /* Info.plist */ = {isa = PBXFileReference; lastKnownFileType = text.plist.xml; path = Info.plist; sourceTree = "<group>"; };
		5143B0B81E282941005717AD /* SoftU2FUserClient.cpp */ = {isa = PBXFileReference; fileEncoding = 4; lastKnownFileType = sourcecode.cpp.cpp; path = SoftU2FUserClient.cpp; sourceTree = "<group>"; };
		5143B0B91E282941005717AD /* SoftU2FUserClient.hpp */ = {isa = PBXFileReference; fileEncoding = 4; lastKnownFileType = sourcecode.cpp.h; path = SoftU2FUserClient.hpp; sourceTree = "<group>"; };
		5143B0BC1E2829F2005717AD /* UserKernelShared.h */ = {isa = PBXFileReference; lastKnownFileType = sourcecode.c.h; path = UserKernelShared.h; sourceTree = "<group>"; };
		514CF0BD1E2832C6004203C6 /* SoftU2FDevice.cpp */ = {isa = PBXFileReference; fileEncoding = 4; lastKnownFileType = sourcecode.cpp.cpp; path = SoftU2FDevice.cpp; sourceTree = "<group>"; };
		514CF0BE1E2832C6004203C6 /* SoftU2FDevice.hpp */ = {isa = PBXFileReference; fileEncoding = 4; lastKnownFileType = sourcecode.cpp.h; path = SoftU2FDevice.hpp; sourceTree = "<group>"; };
		514CF0E11E285849004203C6 /* softu2f.c */ = {isa = PBXFileReference; fileEncoding = 4; lastKnownFileType = sourcecode.c.c; name = softu2f.c; path = SoftU2F/softu2f.c; sourceTree = "<group>"; };
		514CF0E21E285849004203C6 /* softu2f.h */ = {isa = PBXFileReference; fileEncoding = 4; lastKnownFileType = sourcecode.c.h; name = softu2f.h; path = SoftU2F/softu2f.h; sourceTree = "<group>"; };
		514CF0FF1E28604F004203C6 /* libsoftu2f.a */ = {isa = PBXFileReference; explicitFileType = archive.ar; includeInIndex = 0; path = libsoftu2f.a; sourceTree = BUILT_PRODUCTS_DIR; };
		515BE6F41E3FCB2B00829539 /* libcmocka.0.4.0.dylib */ = {isa = PBXFileReference; lastKnownFileType = "compiled.mach-o.dylib"; name = libcmocka.0.4.0.dylib; path = ../../../../usr/local/Cellar/cmocka/1.1.0/lib/libcmocka.0.4.0.dylib; sourceTree = "<group>"; };
		515BE6F61E3FCB3700829539 /* libu2f-host.0.dylib */ = {isa = PBXFileReference; lastKnownFileType = "compiled.mach-o.dylib"; name = "libu2f-host.0.dylib"; path = "../../../../usr/local/Cellar/libu2f-host/1.1.3/lib/libu2f-host.0.dylib"; sourceTree = "<group>"; };
		51DE79281E3FAE820066EC0F /* internal.h */ = {isa = PBXFileReference; fileEncoding = 4; lastKnownFileType = sourcecode.c.h; name = internal.h; path = SoftU2F/internal.h; sourceTree = "<group>"; };
		F7D468B11E4CED18005F2494 /* LibSoftU2FTests.xctest */ = {isa = PBXFileReference; explicitFileType = wrapper.cfbundle; includeInIndex = 0; path = LibSoftU2FTests.xctest; sourceTree = BUILT_PRODUCTS_DIR; };
		F7D468B31E4CED18005F2494 /* LibSoftU2FTests.swift */ = {isa = PBXFileReference; lastKnownFileType = sourcecode.swift; path = LibSoftU2FTests.swift; sourceTree = "<group>"; };
		F7D468B51E4CED18005F2494 /* Info.plist */ = {isa = PBXFileReference; lastKnownFileType = text.plist.xml; path = Info.plist; sourceTree = "<group>"; };
		F7D468BC1E4CED28005F2494 /* LibSoftU2FTests-Bridging-Header.h */ = {isa = PBXFileReference; lastKnownFileType = sourcecode.c.h; path = "LibSoftU2FTests-Bridging-Header.h"; sourceTree = "<group>"; };
		F7D468BE1E4CEE66005F2494 /* libu2f-host.0.dylib */ = {isa = PBXFileReference; lastKnownFileType = "compiled.mach-o.dylib"; name = "libu2f-host.0.dylib"; path = "../../../../../usr/local/Cellar/libu2f-host/1.1.3/lib/libu2f-host.0.dylib"; sourceTree = "<group>"; };
/* End PBXFileReference section */

/* Begin PBXFrameworksBuildPhase section */
		5143B0A71E282828005717AD /* Frameworks */ = {
			isa = PBXFrameworksBuildPhase;
			buildActionMask = 2147483647;
			files = (
			);
			runOnlyForDeploymentPostprocessing = 0;
		};
		514CF0FC1E28604F004203C6 /* Frameworks */ = {
			isa = PBXFrameworksBuildPhase;
			buildActionMask = 2147483647;
			files = (
			);
			runOnlyForDeploymentPostprocessing = 0;
		};
		F7D468AE1E4CED18005F2494 /* Frameworks */ = {
			isa = PBXFrameworksBuildPhase;
			buildActionMask = 2147483647;
			files = (
				F7D468BF1E4CEE66005F2494 /* libu2f-host.0.dylib in Frameworks */,
				F7D468B61E4CED18005F2494 /* libsoftu2f.a in Frameworks */,
			);
			runOnlyForDeploymentPostprocessing = 0;
		};
/* End PBXFrameworksBuildPhase section */

/* Begin PBXGroup section */
		512995761E32E9A400591797 /* Frameworks */ = {
			isa = PBXGroup;
			children = (
				F7D468BE1E4CEE66005F2494 /* libu2f-host.0.dylib */,
				515BE6F61E3FCB3700829539 /* libu2f-host.0.dylib */,
				515BE6F41E3FCB2B00829539 /* libcmocka.0.4.0.dylib */,
				512995771E32E9A400591797 /* XCTest.framework */,
			);
			name = Frameworks;
			sourceTree = "<group>";
		};
		5143B0A11E282828005717AD = {
			isa = PBXGroup;
			children = (
				514CF0E01E2857DD004203C6 /* libsoftu2f */,
				5143B0AD1E282828005717AD /* Driver */,
				F7D468B21E4CED18005F2494 /* LibSoftU2FTests */,
				5143B0AC1E282828005717AD /* Products */,
				512995761E32E9A400591797 /* Frameworks */,
			);
			sourceTree = "<group>";
		};
		5143B0AC1E282828005717AD /* Products */ = {
			isa = PBXGroup;
			children = (
				5143B0AB1E282828005717AD /* softu2f.kext */,
				514CF0FF1E28604F004203C6 /* libsoftu2f.a */,
				F7D468B11E4CED18005F2494 /* LibSoftU2FTests.xctest */,
			);
			name = Products;
			sourceTree = "<group>";
		};
		5143B0AD1E282828005717AD /* Driver */ = {
			isa = PBXGroup;
			children = (
				5143B0AE1E282829005717AD /* SoftU2FDriver.hpp */,
				5143B0B01E282829005717AD /* SoftU2FDriver.cpp */,
				514CF0BD1E2832C6004203C6 /* SoftU2FDevice.cpp */,
				514CF0BE1E2832C6004203C6 /* SoftU2FDevice.hpp */,
				5143B0B81E282941005717AD /* SoftU2FUserClient.cpp */,
				5143B0B91E282941005717AD /* SoftU2FUserClient.hpp */,
				5143B0BC1E2829F2005717AD /* UserKernelShared.h */,
				5143B0B21E282829005717AD /* Info.plist */,
			);
			name = Driver;
			path = SoftU2F;
			sourceTree = "<group>";
		};
		514CF0E01E2857DD004203C6 /* libsoftu2f */ = {
			isa = PBXGroup;
			children = (
				514CF0E11E285849004203C6 /* softu2f.c */,
				514CF0E21E285849004203C6 /* softu2f.h */,
				51DE79281E3FAE820066EC0F /* internal.h */,
			);
			name = libsoftu2f;
			sourceTree = "<group>";
		};
		F7D468B21E4CED18005F2494 /* LibSoftU2FTests */ = {
			isa = PBXGroup;
			children = (
				F7D468B31E4CED18005F2494 /* LibSoftU2FTests.swift */,
				F7D468B51E4CED18005F2494 /* Info.plist */,
				F7D468BC1E4CED28005F2494 /* LibSoftU2FTests-Bridging-Header.h */,
			);
			path = LibSoftU2FTests;
			sourceTree = "<group>";
		};
/* End PBXGroup section */

/* Begin PBXHeadersBuildPhase section */
		5143B0A81E282828005717AD /* Headers */ = {
			isa = PBXHeadersBuildPhase;
			buildActionMask = 2147483647;
			files = (
				5143B0BB1E282941005717AD /* SoftU2FUserClient.hpp in Headers */,
				514CF0C01E2832C6004203C6 /* SoftU2FDevice.hpp in Headers */,
				5143B0AF1E282829005717AD /* SoftU2FDriver.hpp in Headers */,
				514CF1061E286122004203C6 /* UserKernelShared.h in Headers */,
			);
			runOnlyForDeploymentPostprocessing = 0;
		};
		514CF0FD1E28604F004203C6 /* Headers */ = {
			isa = PBXHeadersBuildPhase;
			buildActionMask = 2147483647;
			files = (
				515BE6F21E3FCA7200829539 /* internal.h in Headers */,
				514CF1041E286055004203C6 /* softu2f.h in Headers */,
			);
			runOnlyForDeploymentPostprocessing = 0;
		};
/* End PBXHeadersBuildPhase section */

/* Begin PBXNativeTarget section */
		5143B0AA1E282828005717AD /* Driver */ = {
			isa = PBXNativeTarget;
			buildConfigurationList = 5143B0B51E282829005717AD /* Build configuration list for PBXNativeTarget "Driver" */;
			buildPhases = (
				5143B0A61E282828005717AD /* Sources */,
				5143B0A71E282828005717AD /* Frameworks */,
				5143B0A81E282828005717AD /* Headers */,
				5143B0A91E282828005717AD /* Resources */,
			);
			buildRules = (
			);
			dependencies = (
			);
			name = Driver;
			productName = SoftU2F;
			productReference = 5143B0AB1E282828005717AD /* softu2f.kext */;
			productType = "com.apple.product-type.kernel-extension";
		};
		514CF0FE1E28604F004203C6 /* softu2f */ = {
			isa = PBXNativeTarget;
			buildConfigurationList = 514CF1001E28604F004203C6 /* Build configuration list for PBXNativeTarget "softu2f" */;
			buildPhases = (
				514CF0FB1E28604F004203C6 /* Sources */,
				514CF0FC1E28604F004203C6 /* Frameworks */,
				514CF0FD1E28604F004203C6 /* Headers */,
			);
			buildRules = (
			);
			dependencies = (
			);
			name = softu2f;
			productName = LibSoftU2F;
			productReference = 514CF0FF1E28604F004203C6 /* libsoftu2f.a */;
			productType = "com.apple.product-type.library.static";
		};
		F7D468B01E4CED18005F2494 /* LibSoftU2FTests */ = {
			isa = PBXNativeTarget;
			buildConfigurationList = F7D468B91E4CED18005F2494 /* Build configuration list for PBXNativeTarget "LibSoftU2FTests" */;
			buildPhases = (
				F7D468AD1E4CED18005F2494 /* Sources */,
				F7D468AE1E4CED18005F2494 /* Frameworks */,
				F7D468AF1E4CED18005F2494 /* Resources */,
			);
			buildRules = (
			);
			dependencies = (
				F7D468B81E4CED18005F2494 /* PBXTargetDependency */,
			);
			name = LibSoftU2FTests;
			productName = LibSoftU2FTests;
			productReference = F7D468B11E4CED18005F2494 /* LibSoftU2FTests.xctest */;
			productType = "com.apple.product-type.bundle.unit-test";
		};
/* End PBXNativeTarget section */

/* Begin PBXProject section */
		5143B0A21E282828005717AD /* Project object */ = {
			isa = PBXProject;
			attributes = {
				LastSwiftUpdateCheck = 0800;
				LastUpgradeCheck = 0820;
				ORGANIZATIONNAME = GitHub;
				TargetAttributes = {
					5143B0AA1E282828005717AD = {
						CreatedOnToolsVersion = 8.2.1;
						DevelopmentTeam = VEKTX9H2N7;
						ProvisioningStyle = Manual;
					};
					514CF0FE1E28604F004203C6 = {
						CreatedOnToolsVersion = 8.2.1;
						ProvisioningStyle = Automatic;
					};
					F7D468B01E4CED18005F2494 = {
						CreatedOnToolsVersion = 8.0;
						LastSwiftMigration = 0800;
						ProvisioningStyle = Automatic;
					};
				};
			};
			buildConfigurationList = 5143B0A51E282828005717AD /* Build configuration list for PBXProject "SoftU2F" */;
			compatibilityVersion = "Xcode 3.2";
			developmentRegion = English;
			hasScannedForEncodings = 0;
			knownRegions = (
				en,
			);
			mainGroup = 5143B0A11E282828005717AD;
			productRefGroup = 5143B0AC1E282828005717AD /* Products */;
			projectDirPath = "";
			projectRoot = "";
			targets = (
				5143B0AA1E282828005717AD /* Driver */,
				514CF0FE1E28604F004203C6 /* softu2f */,
				F7D468B01E4CED18005F2494 /* LibSoftU2FTests */,
			);
		};
/* End PBXProject section */

/* Begin PBXResourcesBuildPhase section */
		5143B0A91E282828005717AD /* Resources */ = {
			isa = PBXResourcesBuildPhase;
			buildActionMask = 2147483647;
			files = (
			);
			runOnlyForDeploymentPostprocessing = 0;
		};
		F7D468AF1E4CED18005F2494 /* Resources */ = {
			isa = PBXResourcesBuildPhase;
			buildActionMask = 2147483647;
			files = (
			);
			runOnlyForDeploymentPostprocessing = 0;
		};
/* End PBXResourcesBuildPhase section */

/* Begin PBXSourcesBuildPhase section */
		5143B0A61E282828005717AD /* Sources */ = {
			isa = PBXSourcesBuildPhase;
			buildActionMask = 2147483647;
			files = (
				5143B0B11E282829005717AD /* SoftU2FDriver.cpp in Sources */,
				514CF0BF1E2832C6004203C6 /* SoftU2FDevice.cpp in Sources */,
				5143B0BA1E282941005717AD /* SoftU2FUserClient.cpp in Sources */,
			);
			runOnlyForDeploymentPostprocessing = 0;
		};
		514CF0FB1E28604F004203C6 /* Sources */ = {
			isa = PBXSourcesBuildPhase;
			buildActionMask = 2147483647;
			files = (
				514CF1031E286052004203C6 /* softu2f.c in Sources */,
			);
			runOnlyForDeploymentPostprocessing = 0;
		};
		F7D468AD1E4CED18005F2494 /* Sources */ = {
			isa = PBXSourcesBuildPhase;
			buildActionMask = 2147483647;
			files = (
				F7D468B41E4CED18005F2494 /* LibSoftU2FTests.swift in Sources */,
			);
			runOnlyForDeploymentPostprocessing = 0;
		};
/* End PBXSourcesBuildPhase section */

/* Begin PBXTargetDependency section */
		F7D468B81E4CED18005F2494 /* PBXTargetDependency */ = {
			isa = PBXTargetDependency;
			target = 514CF0FE1E28604F004203C6 /* softu2f */;
			targetProxy = F7D468B71E4CED18005F2494 /* PBXContainerItemProxy */;
		};
/* End PBXTargetDependency section */

/* Begin XCBuildConfiguration section */
		5143B0B31E282829005717AD /* Debug */ = {
			isa = XCBuildConfiguration;
			buildSettings = {
				ALWAYS_SEARCH_USER_PATHS = NO;
				CLANG_ANALYZER_NONNULL = YES;
				CLANG_CXX_LANGUAGE_STANDARD = "gnu++0x";
				CLANG_CXX_LIBRARY = "libc++";
				CLANG_ENABLE_MODULES = YES;
				CLANG_ENABLE_OBJC_ARC = YES;
				CLANG_WARN_BOOL_CONVERSION = YES;
				CLANG_WARN_CONSTANT_CONVERSION = YES;
				CLANG_WARN_DIRECT_OBJC_ISA_USAGE = YES_ERROR;
				CLANG_WARN_DOCUMENTATION_COMMENTS = YES;
				CLANG_WARN_EMPTY_BODY = YES;
				CLANG_WARN_ENUM_CONVERSION = YES;
				CLANG_WARN_INFINITE_RECURSION = YES;
				CLANG_WARN_INT_CONVERSION = YES;
				CLANG_WARN_OBJC_ROOT_CLASS = YES_ERROR;
				CLANG_WARN_SUSPICIOUS_MOVE = YES;
				CLANG_WARN_UNREACHABLE_CODE = YES;
				CLANG_WARN__DUPLICATE_METHOD_MATCH = YES;
				CODE_SIGN_IDENTITY = "-";
				COPY_PHASE_STRIP = NO;
				DEBUG_INFORMATION_FORMAT = dwarf;
				ENABLE_STRICT_OBJC_MSGSEND = YES;
				ENABLE_TESTABILITY = YES;
				GCC_C_LANGUAGE_STANDARD = gnu99;
				GCC_DYNAMIC_NO_PIC = NO;
				GCC_NO_COMMON_BLOCKS = YES;
				GCC_OPTIMIZATION_LEVEL = 0;
				GCC_PREPROCESSOR_DEFINITIONS = (
					"DEBUG=1",
					"$(inherited)",
				);
				GCC_WARN_64_TO_32_BIT_CONVERSION = YES;
				GCC_WARN_ABOUT_RETURN_TYPE = YES_ERROR;
				GCC_WARN_UNDECLARED_SELECTOR = YES;
				GCC_WARN_UNINITIALIZED_AUTOS = YES_AGGRESSIVE;
				GCC_WARN_UNUSED_FUNCTION = YES;
				GCC_WARN_UNUSED_VARIABLE = YES;
				MACOSX_DEPLOYMENT_TARGET = 10.12;
				MTL_ENABLE_DEBUG_INFO = YES;
				ONLY_ACTIVE_ARCH = YES;
				SDKROOT = macosx;
			};
			name = Debug;
		};
		5143B0B41E282829005717AD /* Release */ = {
			isa = XCBuildConfiguration;
			buildSettings = {
				ALWAYS_SEARCH_USER_PATHS = NO;
				CLANG_ANALYZER_NONNULL = YES;
				CLANG_CXX_LANGUAGE_STANDARD = "gnu++0x";
				CLANG_CXX_LIBRARY = "libc++";
				CLANG_ENABLE_MODULES = YES;
				CLANG_ENABLE_OBJC_ARC = YES;
				CLANG_WARN_BOOL_CONVERSION = YES;
				CLANG_WARN_CONSTANT_CONVERSION = YES;
				CLANG_WARN_DIRECT_OBJC_ISA_USAGE = YES_ERROR;
				CLANG_WARN_DOCUMENTATION_COMMENTS = YES;
				CLANG_WARN_EMPTY_BODY = YES;
				CLANG_WARN_ENUM_CONVERSION = YES;
				CLANG_WARN_INFINITE_RECURSION = YES;
				CLANG_WARN_INT_CONVERSION = YES;
				CLANG_WARN_OBJC_ROOT_CLASS = YES_ERROR;
				CLANG_WARN_SUSPICIOUS_MOVE = YES;
				CLANG_WARN_UNREACHABLE_CODE = YES;
				CLANG_WARN__DUPLICATE_METHOD_MATCH = YES;
				CODE_SIGN_IDENTITY = "-";
				COPY_PHASE_STRIP = NO;
				DEBUG_INFORMATION_FORMAT = "dwarf-with-dsym";
				ENABLE_NS_ASSERTIONS = NO;
				ENABLE_STRICT_OBJC_MSGSEND = YES;
				GCC_C_LANGUAGE_STANDARD = gnu99;
				GCC_NO_COMMON_BLOCKS = YES;
				GCC_WARN_64_TO_32_BIT_CONVERSION = YES;
				GCC_WARN_ABOUT_RETURN_TYPE = YES_ERROR;
				GCC_WARN_UNDECLARED_SELECTOR = YES;
				GCC_WARN_UNINITIALIZED_AUTOS = YES_AGGRESSIVE;
				GCC_WARN_UNUSED_FUNCTION = YES;
				GCC_WARN_UNUSED_VARIABLE = YES;
				MACOSX_DEPLOYMENT_TARGET = 10.12;
				MTL_ENABLE_DEBUG_INFO = NO;
				SDKROOT = macosx;
				SWIFT_OPTIMIZATION_LEVEL = "-Owholemodule";
			};
			name = Release;
		};
		5143B0B61E282829005717AD /* Debug */ = {
			isa = XCBuildConfiguration;
			buildSettings = {
				CODE_SIGN_IDENTITY = "Developer ID Application";
				COMBINE_HIDPI_IMAGES = YES;
				CURRENT_PROJECT_VERSION = 1.0.0d1;
				DEVELOPMENT_TEAM = VEKTX9H2N7;
				HEADER_SEARCH_PATHS = "$(PROJECT_DIR)/SoftU2F/inc";
				INFOPLIST_FILE = SoftU2F/Info.plist;
				MODULE_NAME = com.github.SoftU2F;
				MODULE_VERSION = 1.0.0d1;
				PRODUCT_BUNDLE_IDENTIFIER = com.github.SoftU2F;
				PRODUCT_NAME = softu2f;
				WRAPPER_EXTENSION = kext;
			};
			name = Debug;
		};
		5143B0B71E282829005717AD /* Release */ = {
			isa = XCBuildConfiguration;
			buildSettings = {
				CODE_SIGN_IDENTITY = "Developer ID Application";
				COMBINE_HIDPI_IMAGES = YES;
				CURRENT_PROJECT_VERSION = 1.0.0d1;
				DEVELOPMENT_TEAM = VEKTX9H2N7;
				HEADER_SEARCH_PATHS = "$(PROJECT_DIR)/SoftU2F/inc";
				INFOPLIST_FILE = SoftU2F/Info.plist;
				MODULE_NAME = com.github.SoftU2F;
				MODULE_VERSION = 1.0.0d1;
				PRODUCT_BUNDLE_IDENTIFIER = com.github.SoftU2F;
				PRODUCT_NAME = softu2f;
				WRAPPER_EXTENSION = kext;
			};
			name = Release;
		};
		514CF1011E28604F004203C6 /* Debug */ = {
			isa = XCBuildConfiguration;
			buildSettings = {
				EXECUTABLE_PREFIX = lib;
				HEADER_SEARCH_PATHS = "$(PROJECT_DIR)/SoftU2F/inc";
				PRODUCT_NAME = "$(TARGET_NAME)";
			};
			name = Debug;
		};
		514CF1021E28604F004203C6 /* Release */ = {
			isa = XCBuildConfiguration;
			buildSettings = {
				EXECUTABLE_PREFIX = lib;
				HEADER_SEARCH_PATHS = "$(PROJECT_DIR)/SoftU2F/inc";
				PRODUCT_NAME = "$(TARGET_NAME)";
			};
			name = Release;
		};
		F7D468BA1E4CED18005F2494 /* Debug */ = {
			isa = XCBuildConfiguration;
			buildSettings = {
				CLANG_ENABLE_MODULES = YES;
				CLANG_WARN_SUSPICIOUS_MOVES = YES;
				COMBINE_HIDPI_IMAGES = YES;
				HEADER_SEARCH_PATHS = (
					"/usr/local/include/**",
					"$(PROJECT_DIR)/SoftU2F/inc",
				);
				INFOPLIST_FILE = LibSoftU2FTests/Info.plist;
				LD_RUNPATH_SEARCH_PATHS = "$(inherited) @executable_path/../Frameworks @loader_path/../Frameworks";
				LIBRARY_SEARCH_PATHS = (
					"$(inherited)",
					"/usr/local/Cellar/libu2f-host/1.1.3/lib",
				);
				PRODUCT_BUNDLE_IDENTIFIER = com.github.LibSoftU2FTests;
				PRODUCT_NAME = "$(TARGET_NAME)";
				SWIFT_ACTIVE_COMPILATION_CONDITIONS = DEBUG;
				SWIFT_OBJC_BRIDGING_HEADER = "LibSoftU2FTests/LibSoftU2FTests-Bridging-Header.h";
				SWIFT_OPTIMIZATION_LEVEL = "-Onone";
				SWIFT_VERSION = 3.0;
			};
			name = Debug;
		};
		F7D468BB1E4CED18005F2494 /* Release */ = {
			isa = XCBuildConfiguration;
			buildSettings = {
				CLANG_ENABLE_MODULES = YES;
				CLANG_WARN_SUSPICIOUS_MOVES = YES;
				COMBINE_HIDPI_IMAGES = YES;
				HEADER_SEARCH_PATHS = (
					"/usr/local/include/**",
					"$(PROJECT_DIR)/SoftU2F/inc",
				);
				INFOPLIST_FILE = LibSoftU2FTests/Info.plist;
				LD_RUNPATH_SEARCH_PATHS = "$(inherited) @executable_path/../Frameworks @loader_path/../Frameworks";
				LIBRARY_SEARCH_PATHS = (
					"$(inherited)",
					"/usr/local/Cellar/libu2f-host/1.1.3/lib",
				);
				PRODUCT_BUNDLE_IDENTIFIER = com.github.LibSoftU2FTests;
				PRODUCT_NAME = "$(TARGET_NAME)";
				SWIFT_OBJC_BRIDGING_HEADER = "LibSoftU2FTests/LibSoftU2FTests-Bridging-Header.h";
				SWIFT_OPTIMIZATION_LEVEL = "-Owholemodule";
				SWIFT_VERSION = 3.0;
			};
			name = Release;
		};
/* End XCBuildConfiguration section */

/* Begin XCConfigurationList section */
		5143B0A51E282828005717AD /* Build configuration list for PBXProject "SoftU2F" */ = {
			isa = XCConfigurationList;
			buildConfigurations = (
				5143B0B31E282829005717AD /* Debug */,
				5143B0B41E282829005717AD /* Release */,
			);
			defaultConfigurationIsVisible = 0;
			defaultConfigurationName = Release;
		};
		5143B0B51E282829005717AD /* Build configuration list for PBXNativeTarget "Driver" */ = {
			isa = XCConfigurationList;
			buildConfigurations = (
				5143B0B61E282829005717AD /* Debug */,
				5143B0B71E282829005717AD /* Release */,
			);
			defaultConfigurationIsVisible = 0;
			defaultConfigurationName = Release;
		};
		514CF1001E28604F004203C6 /* Build configuration list for PBXNativeTarget "softu2f" */ = {
			isa = XCConfigurationList;
			buildConfigurations = (
				514CF1011E28604F004203C6 /* Debug */,
				514CF1021E28604F004203C6 /* Release */,
			);
			defaultConfigurationIsVisible = 0;
			defaultConfigurationName = Release;
		};
		F7D468B91E4CED18005F2494 /* Build configuration list for PBXNativeTarget "LibSoftU2FTests" */ = {
			isa = XCConfigurationList;
			buildConfigurations = (
				F7D468BA1E4CED18005F2494 /* Debug */,
				F7D468BB1E4CED18005F2494 /* Release */,
			);
			defaultConfigurationIsVisible = 0;
			defaultConfigurationName = Release;
		};
/* End XCConfigurationList section */
	};
	rootObject = 5143B0A21E282828005717AD /* Project object */;
}
